
Microsoft Visual Studio Solution File, Format Version 12.00
# Visual Studio Version 17
VisualStudioVersion = 17.10.35013.160
MinimumVisualStudioVersion = 10.0.40219.1
Project("{9A19103F-16F7-4668-BE54-9A1E7A4F7556}") = "R401_TP4", "R401_TP4\R401_TP4.csproj", "{76540C75-3D12-49DA-91B0-13A67DC45BAA}"
EndProject
Project("{FAE04EC0-301F-11D3-BF4B-00C04F79EFBC}") = "R401_TP4Tests", "R401_TP4Tests\R401_TP4Tests.csproj", "{D0174E44-3872-442D-8A85-96355B621C6F}"
EndProject
Global
	GlobalSection(SolutionConfigurationPlatforms) = preSolution
		Debug|Any CPU = Debug|Any CPU
		Release|Any CPU = Release|Any CPU
	EndGlobalSection
	GlobalSection(ProjectConfigurationPlatforms) = postSolution
		{76540C75-3D12-49DA-91B0-13A67DC45BAA}.Debug|Any CPU.ActiveCfg = Debug|Any CPU
		{76540C75-3D12-49DA-91B0-13A67DC45BAA}.Debug|Any CPU.Build.0 = Debug|Any CPU
		{76540C75-3D12-49DA-91B0-13A67DC45BAA}.Release|Any CPU.ActiveCfg = Release|Any CPU
		{76540C75-3D12-49DA-91B0-13A67DC45BAA}.Release|Any CPU.Build.0 = Release|Any CPU
		{D0174E44-3872-442D-8A85-96355B621C6F}.Debug|Any CPU.ActiveCfg = Debug|Any CPU
		{D0174E44-3872-442D-8A85-96355B621C6F}.Debug|Any CPU.Build.0 = Debug|Any CPU
		{D0174E44-3872-442D-8A85-96355B621C6F}.Release|Any CPU.ActiveCfg = Release|Any CPU
		{D0174E44-3872-442D-8A85-96355B621C6F}.Release|Any CPU.Build.0 = Release|Any CPU
	EndGlobalSection
	GlobalSection(SolutionProperties) = preSolution
		HideSolutionNode = FALSE
	EndGlobalSection
	GlobalSection(ExtensibilityGlobals) = postSolution
		SolutionGuid = {730303CB-01A8-470D-8B3B-EA64129A84D4}
	EndGlobalSection
EndGlobal
